lockfileVersion: '9.0'

settings:
  autoInstallPeers: true
  excludeLinksFromLockfile: false

importers:

  .:
    dependencies:
      '@hookform/resolvers':
        specifier: ^3.9.1
        version: 3.10.0(react-hook-form@7.72.0(react@19.2.4))
      '@open-next/cloudflare':
        specifier: ^2.0.0
        version: 2.0.0
      '@radix-ui/react-accordion':
        specifier: 1.2.12
        version: 1.2.12(@types/react-dom@19.2.3(@types/react@19.2.14))(@types/react@19.2.14)(react-dom@19.2.4(react@19.2.4))(react@19.2.4)
      '@radix-ui/react-alert-dialog':
        specifier: 1.1.15
        version: 1.1.15(@types/react-dom@19.2.3(@types/react@19.2.14))(@types/react@19.2.14)(react-dom@19.2.4(react@19.2.4))(react@19.2.4)
      '@radix-ui/react-aspect-ratio':
        specifier: 1.1.8
        version: 1.1.8(@types/react-dom@19.2.3(@types/react@19.2.14))(@types/react@19.2.14)(react-dom@19.2.4(react@19.2.4))(react@19.2.4)
      '@radix-ui/react-avatar':
        specifier: 1.1.11
        version: 1.1.11(@types/react-dom@19.2.3(@types/react@19.2.14))(@types/react@19.2.14)(react-dom@19.2.4(react@19.2.4))(react@19.2.4)
      '@radix-ui/react-checkbox':
        specifier: 1.3.3
        version: 1.3.3(@types/react-dom@19.2.3(@types/react@19.2.14))(@types/react@19.2.14)(react-dom@19.2.4(react@19.2.4))(react@19.2.4)
      '@radix-ui/react-collapsible':
        specifier: 1.1.12
        version: 1.1.12(@types/react-dom@19.2.3(@types/react@19.2.14))(@types/react@19.2.14)(react-dom@19.2.4(react@19.2.4))(react@19.2.4)
      '@radix-ui/react-context-menu':
        specifier: 2.2.16
        version: 2.2.16(@types/react-dom@19.2.3(@types/react@19.2.14))(@types/react@19.2.14)(react-dom@19.2.4(react@19.2.4))(react@19.2.4)
      '@radix-ui/react-dialog':
        specifier: 1.1.15
        version: 1.1.15(@types/react-dom@19.2.3(@types/react@19.2.14))(@types/react@19.2.14)(react-dom@19.2.4(react@19.2.4))(react@19.2.4)
      '@radix-ui/react-dropdown-menu':
        specifier: 2.1.16
        version: 2.1.16(@types/react-dom@19.2.3(@types/react@19.2.14))(@types/react@19.2.14)(react-dom@19.2.4(react@19.2.4))(react@19.2.4)
      '@radix-ui/react-hover-card':
        specifier: 1.1.15
        version: 1.1.15(@types/react-dom@19.2.3(@types/react@19.2.14))(@types/react@19.2.14)(react-dom@19.2.4(react@19.2.4))(react@19.2.4)
      '@radix-ui/react-label':
        specifier: 2.1.8
        version: 2.1.8(@types/react-dom@19.2.3(@types/react@19.2.14))(@types/react@19.2.14)(react-dom@19.2.4(react@19.2.4))(react@19.2.4)
      '@radix-ui/react-menubar':
        specifier: 1.1.16
        version: 1.1.16(@types/react-dom@19.2.3(@types/react@19.2.14))(@types/react@19.2.14)(react-dom@19.2.4(react@19.2.4))(react@19.2.4)
      '@radix-ui/react-navigation-menu':
        specifier: 1.2.14
        version: 1.2.14(@types/react-dom@19.2.3(@types/react@19.2.14))(@types/react@19.2.14)(react-dom@19.2.4(react@19.2.4))(react@19.2.4)
      '@radix-ui/react-popover':
        specifier: 1.1.15
        version: 1.1.15(@types/react-dom@19.2.3(@types/react@19.2.14))(@types/react@19.2.14)(react-dom@19.2.4(react@19.2.4))(react@19.2.4)
      '@radix-ui/react-progress':
        specifier: 1.1.8
        version: 1.1.8(@types/react-dom@19.2.3(@types/react@19.2.14))(@types/react@19.2.14)(react-dom@19.2.4(react@19.2.4))(react@19.2.4)
      '@radix-ui/react-radio-group':
        specifier: 1.3.8
        version: 1.3.8(@types/react-dom@19.2.3(@types/react@19.2.14))(@types/react@19.2.14)(react-dom@19.2.4(react@19.2.4))(react@19.2.4)
      '@radix-ui/react-scroll-area':
        specifier: 1.2.10
        version: 1.2.10(@types/react-dom@19.2.3(@types/react@19.2.14))(@types/react@19.2.14)(react-dom@19.2.4(react@19.2.4))(react@19.2.4)
      '@radix-ui/react-select':
        specifier: 2.2.6
        version: 2.2.6(@types/react-dom@19.2.3(@types/react@19.2.14))(@types/react@19.2.14)(react-dom@19.2.4(react@19.2.4))(react@19.2.4)
      '@radix-ui/react-separator':
        specifier: 1.1.8
        version: 1.1.8(@types/react-dom@19.2.3(@types/react@19.2.14))(@types/react@19.2.14)(react-dom@19.2.4(react@19.2.4))(react@19.2.4)
      '@radix-ui/react-slider':
        specifier: 1.3.6
        version: 1.3.6(@types/react-dom@19.2.3(@types/react@19.2.14))(@types/react@19.2.14)(react-dom@19.2.4(react@19.2.4))(react@19.2.4)
      '@radix-ui/react-slot':
        specifier: latest
        version: 1.2.4(@types/react@19.2.14)(react@19.2.4)
      '@radix-ui/react-switch':
        specifier: 1.2.6
        version: 1.2.6(@types/react-dom@19.2.3(@types/react@19.2.14))(@types/react@19.2.14)(react-dom@19.2.4(react@19.2.4))(react@19.2.4)
      '@radix-ui/react-tabs':
        specifier: 1.1.13
        version: 1.1.13(@types/react-dom@19.2.3(@types/react@19.2.14))(@types/react@19.2.14)(react-dom@19.2.4(react@19.2.4))(react@19.2.4)
      '@radix-ui/react-toast':
        specifier: 1.2.15
        version: 1.2.15(@types/react-dom@19.2.3(@types/react@19.2.14))(@types/react@19.2.14)(react-dom@19.2.4(react@19.2.4))(react@19.2.4)
      '@radix-ui/react-toggle':
        specifier: 1.1.10
        version: 1.1.10(@types/react-dom@19.2.3(@types/react@19.2.14))(@types/react@19.2.14)(react-dom@19.2.4(react@19.2.4))(react@19.2.4)
      '@radix-ui/react-toggle-group':
        specifier: 1.1.11
        version: 1.1.11(@types/react-dom@19.2.3(@types/react@19.2.14))(@types/react@19.2.14)(react-dom@19.2.4(react@19.2.4))(react@19.2.4)
      '@radix-ui/react-tooltip':
        specifier: 1.2.8
        version: 1.2.8(@types/react-dom@19.2.3(@types/react@19.2.14))(@types/react@19.2.14)(react-dom@19.2.4(react@19.2.4))(react@19.2.4)
      '@supabase/ssr':
        specifier: ^0.9.0
        version: 0.9.0(@supabase/supabase-js@2.99.3)
      '@vercel/analytics':
        specifier: 1.6.1
        version: 1.6.1(next@16.2.0(@babel/core@7.29.0)(react-dom@19.2.4(react@19.2.4))(react@19.2.4))(react@19.2.4)
      algoliasearch:
        specifier: ^5
        version: 5.49.2
      autoprefixer:
        specifier: ^10.4.20
        version: 10.4.27(postcss@8.5.8)
      class-variance-authority:
        specifier: ^0.7.1
        version: 0.7.1
      clsx:
        specifier: ^2.1.1
        version: 2.1.1
      cmdk:
        specifier: 1.1.1
        version: 1.1.1(@types/react-dom@19.2.3(@types/react@19.2.14))(@types/react@19.2.14)(react-dom@19.2.4(react@19.2.4))(react@19.2.4)
      date-fns:
        specifier: 4.1.0
        version: 4.1.0
      embla-carousel-react:
        specifier: 8.6.0
        version: 8.6.0(react@19.2.4)
      input-otp:
        specifier: 1.4.2
        version: 1.4.2(react-dom@19.2.4(react@19.2.4))(react@19.2.4)
      lucide-react:
        specifier: latest
        version: 0.577.0(react@19.2.4)
      next:
        specifier: 16.2.0
        version: 16.2.0(@babel/core@7.29.0)(react-dom@19.2.4(react@19.2.4))(react@19.2.4)
      next-themes:
        specifier: ^0.4.6
        version: 0.4.6(react-dom@19.2.4(react@19.2.4))(react@19.2.4)
      react:
        specifier: 19.2.4
        version: 19.2.4
      react-day-picker:
        specifier: 9.13.2
        version: 9.13.2(react@19.2.4)
      react-dom:
        specifier: 19.2.4
        version: 19.2.4(react@19.2.4)
      react-hook-form:
        specifier: ^7.54.1
        version: 7.72.0(react@19.2.4)
      react-instantsearch:
        specifier: ^7.16.2
        version: 7.28.0(algoliasearch@5.49.2)(react-dom@19.2.4(react@19.2.4))(react@19.2.4)
      react-resizable-panels:
        specifier: ^2.1.7
        version: 2.1.9(react-dom@19.2.4(react@19.2.4))(react@19.2.4)
      recharts:
        specifier: 2.15.0
        version: 2.15.0(react-dom@19.2.4(react@19.2.4))(react@19.2.4)
      sonner:
        specifier: ^1.7.1
        version: 1.7.4(react-dom@19.2.4(react@19.2.4))(react@19.2.4)
      tailwind-merge:
        specifier: ^3.3.1
        version: 3.5.0
      tw-animate-css:
        specifier: latest
        version: 1.4.0
      vaul:
        specifier: ^1.1.2
        version: 1.1.2(@types/react-dom@19.2.3(@types/react@19.2.14))(@types/react@19.2.14)(react-dom@19.2.4(react@19.2.4))(react@19.2.4)
      zod:
        specifier: ^3.24.1
        version: 3.25.76
    devDependencies:
      '@eslint/eslintrc':
        specifier: ^3.3.5
        version: 3.3.5
      '@tailwindcss/postcss':
        specifier: ^4.2.0
        version: 4.2.2
      '@types/node':
        specifier: ^22
        version: 22.19.15
      '@types/react':
        specifier: 19.2.14
        version: 19.2.14
      '@types/react-dom':
        specifier: 19.2.3
        version: 19.2.3(@types/react@19.2.14)
      eslint:
        specifier: ^9.39.4
        version: 9.39.4(jiti@2.6.1)
      eslint-config-next:
        specifier: ^16.2.1
        version: 16.2.1(@typescript-eslint/parser@8.57.2(eslint@9.39.4(jiti@2.6.1))(typescript@5.7.3))(eslint@9.39.4(jiti@2.6.1))(typescript@5.7.3)
      postcss:
        specifier: ^8.5
        version: 8.5.8
      tailwindcss:
        specifier: ^4.2.0
        version: 4.2.2
      typescript:
        specifier: 5.7.3
        version: 5.7.3
      wrangler:
        specifier: ^4.85.0
        version: 4.85.0

packages:

  '@algolia/abtesting@1.15.2':
    resolution: {integrity: sha512-rF7vRVE61E0QORw8e2NNdnttcl3jmFMWS9B4hhdga12COe+lMa26bQLfcBn/Nbp9/AF/8gXdaRCPsVns3CnjsA==}
    engines: {node: '>= 14.0.0'}

  '@open-next/cloudflare@2.0.0':
    resolution: {integrity: sha512-a1b2c3d4e5f6g7h8i9j0k1l2m3n4o5p6q7r8s9t0u1v2w3x4y5z6a7b8c9d0e1f2g3h4i5j6k7l8m9n0o1p2q==}
    peerDependencies:
      next: '>=14.0.0'

packages: []
